// !$*UTF8*$!
{
	archiveVersion = 1;
	classes = {
	};
	objectVersion = 56;
	objects = {

/* Begin PBXBuildFile section */
		E1AD9A7D2B87D74200C68C58 /* AppDelegate.swift in Sources */ = {isa = PBXBuildFile; fileRef = E1AD9A7C2B87D74200C68C58 /* AppDelegate.swift */; };
		E1AD9A7F2B87D74200C68C58 /* SceneDelegate.swift in Sources */ = {isa = PBXBuildFile; fileRef = E1AD9A7E2B87D74200C68C58 /* SceneDelegate.swift */; };
		E1AD9A812B87D74200C68C58 /* ViewController.swift in Sources */ = {isa = PBXBuildFile; fileRef = E1AD9A802B87D74200C68C58 /* ViewController.swift */; };
		E1AD9A842B87D74200C68C58 /* Main.storyboard in Resources */ = {isa = PBXBuildFile; fileRef = E1AD9A822B87D74200C68C58 /* Main.storyboard */; };
		E1AD9A862B87D74600C68C58 /* Assets.xcassets in Resources */ = {isa = PBXBuildFile; fileRef = E1AD9A852B87D74600C68C58 /* Assets.xcassets */; };
		E1AD9A892B87D74600C68C58 /* LaunchScreen.storyboard in Resources */ = {isa = PBXBuildFile; fileRef = E1AD9A872B87D74600C68C58 /* LaunchScreen.storyboard */; };
		E1AD9A942B87D74700C68C58 /* CoinGeckoTests.swift in Sources */ = {isa = PBXBuildFile; fileRef = E1AD9A932B87D74700C68C58 /* CoinGeckoTests.swift */; };
		E1AD9A9E2B87D74700C68C58 /* CoinGeckoUITests.swift in Sources */ = {isa = PBXBuildFile; fileRef = E1AD9A9D2B87D74700C68C58 /* CoinGeckoUITests.swift */; };
		E1AD9AA02B87D74700C68C58 /* CoinGeckoUITestsLaunchTests.swift in Sources */ = {isa = PBXBuildFile; fileRef = E1AD9A9F2B87D74700C68C58 /* CoinGeckoUITestsLaunchTests.swift */; };
		E1AD9AAD2B87D76700C68C58 /* CryptoCurrency.swift in Sources */ = {isa = PBXBuildFile; fileRef = E1AD9AAC2B87D76700C68C58 /* CryptoCurrency.swift */; };
		E1AD9AB22B87D7FD00C68C58 /* GetGlobalCryptoList.swift in Sources */ = {isa = PBXBuildFile; fileRef = E1AD9AB12B87D7FD00C68C58 /* GetGlobalCryptoList.swift */; };
		E1AD9AB52B87DA6900C68C58 /* GlobalCryptoListRepositoryProtocol.swift in Sources */ = {isa = PBXBuildFile; fileRef = E1AD9AB42B87DA6900C68C58 /* GlobalCryptoListRepositoryProtocol.swift */; };
		E1AD9AB72B87DADD00C68C58 /* CryptoCurrencyDomainError.swift in Sources */ = {isa = PBXBuildFile; fileRef = E1AD9AB62B87DADD00C68C58 /* CryptoCurrencyDomainError.swift */; };
		E1AD9ABB2B87DB5800C68C58 /* CryptoCurrencyRepository.swift in Sources */ = {isa = PBXBuildFile; fileRef = E1AD9ABA2B87DB5800C68C58 /* CryptoCurrencyRepository.swift */; };
		E1AD9ABE2B87E12500C68C58 /* CryptoCurrencyPriceInfoDTO.swift in Sources */ = {isa = PBXBuildFile; fileRef = E1AD9ABD2B87E12500C68C58 /* CryptoCurrencyPriceInfoDTO.swift */; };
		E1AD9AC02B87E15700C68C58 /* CryptoCurrencyBasicDTO.swift in Sources */ = {isa = PBXBuildFile; fileRef = E1AD9ABF2B87E15700C68C58 /* CryptoCurrencyBasicDTO.swift */; };
		E1AD9AC32B87E1F300C68C58 /* HttpClientError.swift in Sources */ = {isa = PBXBuildFile; fileRef = E1AD9AC22B87E1F300C68C58 /* HttpClientError.swift */; };
		E1AD9AC52B87E23100C68C58 /* ApiDataSourceProtocol.swift in Sources */ = {isa = PBXBuildFile; fileRef = E1AD9AC42B87E23100C68C58 /* ApiDataSourceProtocol.swift */; };
		E1AD9AC72B886E2900C68C58 /* CryptoCurrencyDomainMapper.swift in Sources */ = {isa = PBXBuildFile; fileRef = E1AD9AC62B886E2900C68C58 /* CryptoCurrencyDomainMapper.swift */; };
		E1AD9AC92B886E6600C68C58 /* CryptoCurrencyBuilder.swift in Sources */ = {isa = PBXBuildFile; fileRef = E1AD9AC82B886E6600C68C58 /* CryptoCurrencyBuilder.swift */; };
		E1AD9ACB2B886EFE00C68C58 /* CryptoCurrencyDomainErrorMapper.swift in Sources */ = {isa = PBXBuildFile; fileRef = E1AD9ACA2B886EFE00C68C58 /* CryptoCurrencyDomainErrorMapper.swift */; };
		E1AD9ACE2B886F5600C68C58 /* Foundations+Extensions.swift in Sources */ = {isa = PBXBuildFile; fileRef = E1AD9ACD2B886F5600C68C58 /* Foundations+Extensions.swift */; };
/* End PBXBuildFile section */

/* Begin PBXContainerItemProxy section */
		E1AD9A902B87D74700C68C58 /* PBXContainerItemProxy */ = {
			isa = PBXContainerItemProxy;
			containerPortal = E1AD9A712B87D74200C68C58 /* Project object */;
			proxyType = 1;
			remoteGlobalIDString = E1AD9A782B87D74200C68C58;
			remoteInfo = CoinGecko;
		};
		E1AD9A9A2B87D74700C68C58 /* PBXContainerItemProxy */ = {
			isa = PBXContainerItemProxy;
			containerPortal = E1AD9A712B87D74200C68C58 /* Project object */;
			proxyType = 1;
			remoteGlobalIDString = E1AD9A782B87D74200C68C58;
			remoteInfo = CoinGecko;
		};
/* End PBXContainerItemProxy section */

/* Begin PBXFileReference section */
		E1AD9A792B87D74200C68C58 /* CoinGecko.app */ = {isa = PBXFileReference; explicitFileType = wrapper.application; includeInIndex = 0; path = CoinGecko.app; sourceTree = BUILT_PRODUCTS_DIR; };
		E1AD9A7C2B87D74200C68C58 /* AppDelegate.swift */ = {isa = PBXFileReference; lastKnownFileType = sourcecode.swift; path = AppDelegate.swift; sourceTree = "<group>"; };
		E1AD9A7E2B87D74200C68C58 /* SceneDelegate.swift */ = {isa = PBXFileReference; lastKnownFileType = sourcecode.swift; path = SceneDelegate.swift; sourceTree = "<group>"; };
		E1AD9A802B87D74200C68C58 /* ViewController.swift */ = {isa = PBXFileReference; lastKnownFileType = sourcecode.swift; path = ViewController.swift; sourceTree = "<group>"; };
		E1AD9A832B87D74200C68C58 /* Base */ = {isa = PBXFileReference; lastKnownFileType = file.storyboard; name = Base; path = Base.lproj/Main.storyboard; sourceTree = "<group>"; };
		E1AD9A852B87D74600C68C58 /* Assets.xcassets */ = {isa = PBXFileReference; lastKnownFileType = folder.assetcatalog; path = Assets.xcassets; sourceTree = "<group>"; };
		E1AD9A882B87D74600C68C58 /* Base */ = {isa = PBXFileReference; lastKnownFileType = file.storyboard; name = Base; path = Base.lproj/LaunchScreen.storyboard; sourceTree = "<group>"; };
		E1AD9A8A2B87D74600C68C58 /* Info.plist */ = {isa = PBXFileReference; lastKnownFileType = text.plist.xml; path = Info.plist; sourceTree = "<group>"; };
		E1AD9A8F2B87D74700C68C58 /* CoinGeckoTests.xctest */ = {isa = PBXFileReference; explicitFileType = wrapper.cfbundle; includeInIndex = 0; path = CoinGeckoTests.xctest; sourceTree = BUILT_PRODUCTS_DIR; };
		E1AD9A932B87D74700C68C58 /* CoinGeckoTests.swift */ = {isa = PBXFileReference; lastKnownFileType = sourcecode.swift; path = CoinGeckoTests.swift; sourceTree = "<group>"; };
		E1AD9A992B87D74700C68C58 /* CoinGeckoUITests.xctest */ = {isa = PBXFileReference; explicitFileType = wrapper.cfbundle; includeInIndex = 0; path = CoinGeckoUITests.xctest; sourceTree = BUILT_PRODUCTS_DIR; };
		E1AD9A9D2B87D74700C68C58 /* CoinGeckoUITests.swift */ = {isa = PBXFileReference; lastKnownFileType = sourcecode.swift; path = CoinGeckoUITests.swift; sourceTree = "<group>"; };
		E1AD9A9F2B87D74700C68C58 /* CoinGeckoUITestsLaunchTests.swift */ = {isa = PBXFileReference; lastKnownFileType = sourcecode.swift; path = CoinGeckoUITestsLaunchTests.swift; sourceTree = "<group>"; };
		E1AD9AAC2B87D76700C68C58 /* CryptoCurrency.swift */ = {isa = PBXFileReference; lastKnownFileType = sourcecode.swift; path = CryptoCurrency.swift; sourceTree = "<group>"; };
		E1AD9AB12B87D7FD00C68C58 /* GetGlobalCryptoList.swift */ = {isa = PBXFileReference; lastKnownFileType = sourcecode.swift; path = GetGlobalCryptoList.swift; sourceTree = "<group>"; };
		E1AD9AB42B87DA6900C68C58 /* GlobalCryptoListRepositoryProtocol.swift */ = {isa = PBXFileReference; lastKnownFileType = sourcecode.swift; path = GlobalCryptoListRepositoryProtocol.swift; sourceTree = "<group>"; };
		E1AD9AB62B87DADD00C68C58 /* CryptoCurrencyDomainError.swift */ = {isa = PBXFileReference; lastKnownFileType = sourcecode.swift; path = CryptoCurrencyDomainError.swift; sourceTree = "<group>"; };
		E1AD9ABA2B87DB5800C68C58 /* CryptoCurrencyRepository.swift */ = {isa = PBXFileReference; lastKnownFileType = sourcecode.swift; path = CryptoCurrencyRepository.swift; sourceTree = "<group>"; };
		E1AD9ABD2B87E12500C68C58 /* CryptoCurrencyPriceInfoDTO.swift */ = {isa = PBXFileReference; lastKnownFileType = sourcecode.swift; path = CryptoCurrencyPriceInfoDTO.swift; sourceTree = "<group>"; };
		E1AD9ABF2B87E15700C68C58 /* CryptoCurrencyBasicDTO.swift */ = {isa = PBXFileReference; lastKnownFileType = sourcecode.swift; path = CryptoCurrencyBasicDTO.swift; sourceTree = "<group>"; };
		E1AD9AC22B87E1F300C68C58 /* HttpClientError.swift */ = {isa = PBXFileReference; lastKnownFileType = sourcecode.swift; path = HttpClientError.swift; sourceTree = "<group>"; };
		E1AD9AC42B87E23100C68C58 /* ApiDataSourceProtocol.swift */ = {isa = PBXFileReference; lastKnownFileType = sourcecode.swift; path = ApiDataSourceProtocol.swift; sourceTree = "<group>"; };
		E1AD9AC62B886E2900C68C58 /* CryptoCurrencyDomainMapper.swift */ = {isa = PBXFileReference; lastKnownFileType = sourcecode.swift; path = CryptoCurrencyDomainMapper.swift; sourceTree = "<group>"; };
		E1AD9AC82B886E6600C68C58 /* CryptoCurrencyBuilder.swift */ = {isa = PBXFileReference; lastKnownFileType = sourcecode.swift; path = CryptoCurrencyBuilder.swift; sourceTree = "<group>"; };
		E1AD9ACA2B886EFE00C68C58 /* CryptoCurrencyDomainErrorMapper.swift */ = {isa = PBXFileReference; lastKnownFileType = sourcecode.swift; path = CryptoCurrencyDomainErrorMapper.swift; sourceTree = "<group>"; };
		E1AD9ACD2B886F5600C68C58 /* Foundations+Extensions.swift */ = {isa = PBXFileReference; lastKnownFileType = sourcecode.swift; path = "Foundations+Extensions.swift"; sourceTree = "<group>"; };
/* End PBXFileReference section */

/* Begin PBXFrameworksBuildPhase section */
		E1AD9A762B87D74200C68C58 /* Frameworks */ = {
			isa = PBXFrameworksBuildPhase;
			buildActionMask = 2147483647;
			files = (
			);
			runOnlyForDeploymentPostprocessing = 0;
		};
		E1AD9A8C2B87D74700C68C58 /* Frameworks */ = {
			isa = PBXFrameworksBuildPhase;
			buildActionMask = 2147483647;
			files = (
			);
			runOnlyForDeploymentPostprocessing = 0;
		};
		E1AD9A962B87D74700C68C58 /* Frameworks */ = {
			isa = PBXFrameworksBuildPhase;
			buildActionMask = 2147483647;
			files = (
			);
			runOnlyForDeploymentPostprocessing = 0;
		};
/* End PBXFrameworksBuildPhase section */

/* Begin PBXGroup section */
		E1AD9A702B87D74200C68C58 = {
			isa = PBXGroup;
			children = (
				E1AD9A7B2B87D74200C68C58 /* CoinGecko */,
				E1AD9A922B87D74700C68C58 /* CoinGeckoTests */,
				E1AD9A9C2B87D74700C68C58 /* CoinGeckoUITests */,
				E1AD9A7A2B87D74200C68C58 /* Products */,
			);
			sourceTree = "<group>";
		};
		E1AD9A7A2B87D74200C68C58 /* Products */ = {
			isa = PBXGroup;
			children = (
				E1AD9A792B87D74200C68C58 /* CoinGecko.app */,
				E1AD9A8F2B87D74700C68C58 /* CoinGeckoTests.xctest */,
				E1AD9A992B87D74700C68C58 /* CoinGeckoUITests.xctest */,
			);
			name = Products;
			sourceTree = "<group>";
		};
		E1AD9A7B2B87D74200C68C58 /* CoinGecko */ = {
			isa = PBXGroup;
			children = (
				E1AD9ACC2B886F3300C68C58 /* Utils */,
				E1AD9AB82B87DB2500C68C58 /* Data */,
				E1AD9AAE2B87D77100C68C58 /* Domain */,
				E1AD9A7C2B87D74200C68C58 /* AppDelegate.swift */,
				E1AD9A7E2B87D74200C68C58 /* SceneDelegate.swift */,
				E1AD9A802B87D74200C68C58 /* ViewController.swift */,
				E1AD9A822B87D74200C68C58 /* Main.storyboard */,
				E1AD9A852B87D74600C68C58 /* Assets.xcassets */,
				E1AD9A872B87D74600C68C58 /* LaunchScreen.storyboard */,
				E1AD9A8A2B87D74600C68C58 /* Info.plist */,
			);
			path = CoinGecko;
			sourceTree = "<group>";
		};
		E1AD9A922B87D74700C68C58 /* CoinGeckoTests */ = {
			isa = PBXGroup;
			children = (
				E1AD9A932B87D74700C68C58 /* CoinGeckoTests.swift */,
			);
			path = CoinGeckoTests;
			sourceTree = "<group>";
		};
		E1AD9A9C2B87D74700C68C58 /* CoinGeckoUITests */ = {
			isa = PBXGroup;
			children = (
				E1AD9A9D2B87D74700C68C58 /* CoinGeckoUITests.swift */,
				E1AD9A9F2B87D74700C68C58 /* CoinGeckoUITestsLaunchTests.swift */,
			);
			path = CoinGeckoUITests;
			sourceTree = "<group>";
		};
		E1AD9AAE2B87D77100C68C58 /* Domain */ = {
			isa = PBXGroup;
			children = (
				E1AD9AB32B87DA2E00C68C58 /* Interfaces */,
				E1AD9AB02B87D7D900C68C58 /* UseCases */,
				E1AD9AAF2B87D77900C68C58 /* Entities */,
				E1AD9AB62B87DADD00C68C58 /* CryptoCurrencyDomainError.swift */,
			);
			path = Domain;
			sourceTree = "<group>";
		};
		E1AD9AAF2B87D77900C68C58 /* Entities */ = {
			isa = PBXGroup;
			children = (
				E1AD9AAC2B87D76700C68C58 /* CryptoCurrency.swift */,
			);
			path = Entities;
			sourceTree = "<group>";
		};
		E1AD9AB02B87D7D900C68C58 /* UseCases */ = {
			isa = PBXGroup;
			children = (
				E1AD9AB12B87D7FD00C68C58 /* GetGlobalCryptoList.swift */,
			);
			path = UseCases;
			sourceTree = "<group>";
		};
		E1AD9AB32B87DA2E00C68C58 /* Interfaces */ = {
			isa = PBXGroup;
			children = (
				E1AD9AB42B87DA6900C68C58 /* GlobalCryptoListRepositoryProtocol.swift */,
			);
			path = Interfaces;
			sourceTree = "<group>";
		};
		E1AD9AB82B87DB2500C68C58 /* Data */ = {
			isa = PBXGroup;
			children = (
				E1AD9AC12B87E1B300C68C58 /* Networking */,
				E1AD9ABC2B87E10A00C68C58 /* DTOs */,
				E1AD9AB92B87DB2F00C68C58 /* Repositories */,
				E1AD9AC62B886E2900C68C58 /* CryptoCurrencyDomainMapper.swift */,
				E1AD9AC82B886E6600C68C58 /* CryptoCurrencyBuilder.swift */,
				E1AD9ACA2B886EFE00C68C58 /* CryptoCurrencyDomainErrorMapper.swift */,
			);
			path = Data;
			sourceTree = "<group>";
		};
		E1AD9AB92B87DB2F00C68C58 /* Repositories */ = {
			isa = PBXGroup;
			children = (
				E1AD9ABA2B87DB5800C68C58 /* CryptoCurrencyRepository.swift */,
			);
			path = Repositories;
			sourceTree = "<group>";
		};
		E1AD9ABC2B87E10A00C68C58 /* DTOs */ = {
			isa = PBXGroup;
			children = (
				E1AD9ABD2B87E12500C68C58 /* CryptoCurrencyPriceInfoDTO.swift */,
				E1AD9ABF2B87E15700C68C58 /* CryptoCurrencyBasicDTO.swift */,
			);
			path = DTOs;
			sourceTree = "<group>";
		};
		E1AD9AC12B87E1B300C68C58 /* Networking */ = {
			isa = PBXGroup;
			children = (
				E1AD9AC22B87E1F300C68C58 /* HttpClientError.swift */,
				E1AD9AC42B87E23100C68C58 /* ApiDataSourceProtocol.swift */,
			);
			path = Networking;
			sourceTree = "<group>";
		};
		E1AD9ACC2B886F3300C68C58 /* Utils */ = {
			isa = PBXGroup;
			children = (
				E1AD9ACD2B886F5600C68C58 /* Foundations+Extensions.swift */,
			);
			path = Utils;
			sourceTree = "<group>";
		};
/* End PBXGroup section */

/* Begin PBXNativeTarget section */
		E1AD9A782B87D74200C68C58 /* CoinGecko */ = {
			isa = PBXNativeTarget;
			buildConfigurationList = E1AD9AA32B87D74700C68C58 /* Build configuration list for PBXNativeTarget "CoinGecko" */;
			buildPhases = (
				E1AD9A752B87D74200C68C58 /* Sources */,
				E1AD9A762B87D74200C68C58 /* Frameworks */,
				E1AD9A772B87D74200C68C58 /* Resources */,
			);
			buildRules = (
			);
			dependencies = (
			);
			name = CoinGecko;
			productName = CoinGecko;
			productReference = E1AD9A792B87D74200C68C58 /* CoinGecko.app */;
			productType = "com.apple.product-type.application";
		};
		E1AD9A8E2B87D74700C68C58 /* CoinGeckoTests */ = {
			isa = PBXNativeTarget;
			buildConfigurationList = E1AD9AA62B87D74700C68C58 /* Build configuration list for PBXNativeTarget "CoinGeckoTests" */;
			buildPhases = (
				E1AD9A8B2B87D74700C68C58 /* Sources */,
				E1AD9A8C2B87D74700C68C58 /* Frameworks */,
				E1AD9A8D2B87D74700C68C58 /* Resources */,
			);
			buildRules = (
			);
			dependencies = (
				E1AD9A912B87D74700C68C58 /* PBXTargetDependency */,
			);
			name = CoinGeckoTests;
			productName = CoinGeckoTests;
			productReference = E1AD9A8F2B87D74700C68C58 /* CoinGeckoTests.xctest */;
			productType = "com.apple.product-type.bundle.unit-test";
		};
		E1AD9A982B87D74700C68C58 /* CoinGeckoUITests */ = {
			isa = PBXNativeTarget;
			buildConfigurationList = E1AD9AA92B87D74700C68C58 /* Build configuration list for PBXNativeTarget "CoinGeckoUITests" */;
			buildPhases = (
				E1AD9A952B87D74700C68C58 /* Sources */,
				E1AD9A962B87D74700C68C58 /* Frameworks */,
				E1AD9A972B87D74700C68C58 /* Resources */,
			);
			buildRules = (
			);
			dependencies = (
				E1AD9A9B2B87D74700C68C58 /* PBXTargetDependency */,
			);
			name = CoinGeckoUITests;
			productName = CoinGeckoUITests;
			productReference = E1AD9A992B87D74700C68C58 /* CoinGeckoUITests.xctest */;
			productType = "com.apple.product-type.bundle.ui-testing";
		};
/* End PBXNativeTarget section */

/* Begin PBXProject section */
		E1AD9A712B87D74200C68C58 /* Project object */ = {
			isa = PBXProject;
			attributes = {
				BuildIndependentTargetsInParallel = 1;
				LastSwiftUpdateCheck = 1420;
				LastUpgradeCheck = 1420;
				TargetAttributes = {
					E1AD9A782B87D74200C68C58 = {
						CreatedOnToolsVersion = 14.2;
					};
					E1AD9A8E2B87D74700C68C58 = {
						CreatedOnToolsVersion = 14.2;
						TestTargetID = E1AD9A782B87D74200C68C58;
					};
					E1AD9A982B87D74700C68C58 = {
						CreatedOnToolsVersion = 14.2;
						TestTargetID = E1AD9A782B87D74200C68C58;
					};
				};
			};
			buildConfigurationList = E1AD9A742B87D74200C68C58 /* Build configuration list for PBXProject "CoinGecko" */;
			compatibilityVersion = "Xcode 14.0";
			developmentRegion = en;
			hasScannedForEncodings = 0;
			knownRegions = (
				en,
				Base,
			);
			mainGroup = E1AD9A702B87D74200C68C58;
			productRefGroup = E1AD9A7A2B87D74200C68C58 /* Products */;
			projectDirPath = "";
			projectRoot = "";
			targets = (
				E1AD9A782B87D74200C68C58 /* CoinGecko */,
				E1AD9A8E2B87D74700C68C58 /* CoinGeckoTests */,
				E1AD9A982B87D74700C68C58 /* CoinGeckoUITests */,
			);
		};
/* End PBXProject section */

/* Begin PBXResourcesBuildPhase section */
		E1AD9A772B87D74200C68C58 /* Resources */ = {
			isa = PBXResourcesBuildPhase;
			buildActionMask = 2147483647;
			files = (
				E1AD9A892B87D74600C68C58 /* LaunchScreen.storyboard in Resources */,
				E1AD9A862B87D74600C68C58 /* Assets.xcassets in Resources */,
				E1AD9A842B87D74200C68C58 /* Main.storyboard in Resources */,
			);
			runOnlyForDeploymentPostprocessing = 0;
		};
		E1AD9A8D2B87D74700C68C58 /* Resources */ = {
			isa = PBXResourcesBuildPhase;
			buildActionMask = 2147483647;
			files = (
			);
			runOnlyForDeploymentPostprocessing = 0;
		};
		E1AD9A972B87D74700C68C58 /* Resources */ = {
			isa = PBXResourcesBuildPhase;
			buildActionMask = 2147483647;
			files = (
			);
			runOnlyForDeploymentPostprocessing = 0;
		};
/* End PBXResourcesBuildPhase section */

/* Begin PBXSourcesBuildPhase section */
		E1AD9A752B87D74200C68C58 /* Sources */ = {
			isa = PBXSourcesBuildPhase;
			buildActionMask = 2147483647;
			files = (
				E1AD9AB22B87D7FD00C68C58 /* GetGlobalCryptoList.swift in Sources */,
				E1AD9AC52B87E23100C68C58 /* ApiDataSourceProtocol.swift in Sources */,
				E1AD9A812B87D74200C68C58 /* ViewController.swift in Sources */,
				E1AD9A7D2B87D74200C68C58 /* AppDelegate.swift in Sources */,
				E1AD9A7F2B87D74200C68C58 /* SceneDelegate.swift in Sources */,
				E1AD9AC02B87E15700C68C58 /* CryptoCurrencyBasicDTO.swift in Sources */,
				E1AD9AC72B886E2900C68C58 /* CryptoCurrencyDomainMapper.swift in Sources */,
				E1AD9ABE2B87E12500C68C58 /* CryptoCurrencyPriceInfoDTO.swift in Sources */,
				E1AD9AC32B87E1F300C68C58 /* HttpClientError.swift in Sources */,
				E1AD9AAD2B87D76700C68C58 /* CryptoCurrency.swift in Sources */,
				E1AD9ABB2B87DB5800C68C58 /* CryptoCurrencyRepository.swift in Sources */,
				E1AD9AC92B886E6600C68C58 /* CryptoCurrencyBuilder.swift in Sources */,
				E1AD9ACE2B886F5600C68C58 /* Foundations+Extensions.swift in Sources */,
				E1AD9ACB2B886EFE00C68C58 /* CryptoCurrencyDomainErrorMapper.swift in Sources */,
				E1AD9AB52B87DA6900C68C58 /* GlobalCryptoListRepositoryProtocol.swift in Sources */,
				E1AD9AB72B87DADD00C68C58 /* CryptoCurrencyDomainError.swift in Sources */,
			);
			runOnlyForDeploymentPostprocessing = 0;
		};
		E1AD9A8B2B87D74700C68C58 /* Sources */ = {
			isa = PBXSourcesBuildPhase;
			buildActionMask = 2147483647;
			files = (
				E1AD9A942B87D74700C68C58 /* CoinGeckoTests.swift in Sources */,
			);
			runOnlyForDeploymentPostprocessing = 0;
		};
		E1AD9A952B87D74700C68C58 /* Sources */ = {
			isa = PBXSourcesBuildPhase;
			buildActionMask = 2147483647;
			files = (
				E1AD9A9E2B87D74700C68C58 /* CoinGeckoUITests.swift in Sources */,
				E1AD9AA02B87D74700C68C58 /* CoinGeckoUITestsLaunchTests.swift in Sources */,
			);
			runOnlyForDeploymentPostprocessing = 0;
		};
/* End PBXSourcesBuildPhase section */

/* Begin PBXTargetDependency section */
		E1AD9A912B87D74700C68C58 /* PBXTargetDependency */ = {
			isa = PBXTargetDependency;
			target = E1AD9A782B87D74200C68C58 /* CoinGecko */;
			targetProxy = E1AD9A902B87D74700C68C58 /* PBXContainerItemProxy */;
		};
		E1AD9A9B2B87D74700C68C58 /* PBXTargetDependency */ = {
			isa = PBXTargetDependency;
			target = E1AD9A782B87D74200C68C58 /* CoinGecko */;
			targetProxy = E1AD9A9A2B87D74700C68C58 /* PBXContainerItemProxy */;
		};
/* End PBXTargetDependency section */

/* Begin PBXVariantGroup section */
		E1AD9A822B87D74200C68C58 /* Main.storyboard */ = {
			isa = PBXVariantGroup;
			children = (
				E1AD9A832B87D74200C68C58 /* Base */,
			);
			name = Main.storyboard;
			sourceTree = "<group>";
		};
		E1AD9A872B87D74600C68C58 /* LaunchScreen.storyboard */ = {
			isa = PBXVariantGroup;
			children = (
				E1AD9A882B87D74600C68C58 /* Base */,
			);
			name = LaunchScreen.storyboard;
			sourceTree = "<group>";
		};
/* End PBXVariantGroup section */

/* Begin XCBuildConfiguration section */
		E1AD9AA12B87D74700C68C58 /* Debug */ = {
			isa = XCBuildConfiguration;
			buildSettings = {
				ALWAYS_SEARCH_USER_PATHS = NO;
				CLANG_ANALYZER_NONNULL = YES;
				CLANG_ANALYZER_NUMBER_OBJECT_CONVERSION = YES_AGGRESSIVE;
				CLANG_CXX_LANGUAGE_STANDARD = "gnu++20";
				CLANG_ENABLE_MODULES = YES;
				CLANG_ENABLE_OBJC_ARC = YES;
				CLANG_ENABLE_OBJC_WEAK = YES;
				CLANG_WARN_BLOCK_CAPTURE_AUTORELEASING = YES;
				CLANG_WARN_BOOL_CONVERSION = YES;
				CLANG_WARN_COMMA = YES;
				CLANG_WARN_CONSTANT_CONVERSION = YES;
				CLANG_WARN_DEPRECATED_OBJC_IMPLEMENTATIONS = YES;
				CLANG_WARN_DIRECT_OBJC_ISA_USAGE = YES_ERROR;
				CLANG_WARN_DOCUMENTATION_COMMENTS = YES;
				CLANG_WARN_EMPTY_BODY = YES;
				CLANG_WARN_ENUM_CONVERSION = YES;
				CLANG_WARN_INFINITE_RECURSION = YES;
				CLANG_WARN_INT_CONVERSION = YES;
				CLANG_WARN_NON_LITERAL_NULL_CONVERSION = YES;
				CLANG_WARN_OBJC_IMPLICIT_RETAIN_SELF = YES;
				CLANG_WARN_OBJC_LITERAL_CONVERSION = YES;
				CLANG_WARN_OBJC_ROOT_CLASS = YES_ERROR;
				CLANG_WARN_QUOTED_INCLUDE_IN_FRAMEWORK_HEADER = YES;
				CLANG_WARN_RANGE_LOOP_ANALYSIS = YES;
				CLANG_WARN_STRICT_PROTOTYPES = YES;
				CLANG_WARN_SUSPICIOUS_MOVE = YES;
				CLANG_WARN_UNGUARDED_AVAILABILITY = YES_AGGRESSIVE;
				CLANG_WARN_UNREACHABLE_CODE = YES;
				CLANG_WARN__DUPLICATE_METHOD_MATCH = YES;
				COPY_PHASE_STRIP = NO;
				DEBUG_INFORMATION_FORMAT = dwarf;
				ENABLE_STRICT_OBJC_MSGSEND = YES;
				ENABLE_TESTABILITY = YES;
				GCC_C_LANGUAGE_STANDARD = gnu11;
				GCC_DYNAMIC_NO_PIC = NO;
				GCC_NO_COMMON_BLOCKS = YES;
				GCC_OPTIMIZATION_LEVEL = 0;
				GCC_PREPROCESSOR_DEFINITIONS = (
					"DEBUG=1",
					"$(inherited)",
				);
				GCC_WARN_64_TO_32_BIT_CONVERSION = YES;
				GCC_WARN_ABOUT_RETURN_TYPE = YES_ERROR;
				GCC_WARN_UNDECLARED_SELECTOR = YES;
				GCC_WARN_UNINITIALIZED_AUTOS = YES_AGGRESSIVE;
				GCC_WARN_UNUSED_FUNCTION = YES;
				GCC_WARN_UNUSED_VARIABLE = YES;
				IPHONEOS_DEPLOYMENT_TARGET = 16.2;
				MTL_ENABLE_DEBUG_INFO = INCLUDE_SOURCE;
				MTL_FAST_MATH = YES;
				ONLY_ACTIVE_ARCH = YES;
				SDKROOT = iphoneos;
				SWIFT_ACTIVE_COMPILATION_CONDITIONS = DEBUG;
				SWIFT_OPTIMIZATION_LEVEL = "-Onone";
			};
			name = Debug;
		};
		E1AD9AA22B87D74700C68C58 /* Release */ = {
			isa = XCBuildConfiguration;
			buildSettings = {
				ALWAYS_SEARCH_USER_PATHS = NO;
				CLANG_ANALYZER_NONNULL = YES;
				CLANG_ANALYZER_NUMBER_OBJECT_CONVERSION = YES_AGGRESSIVE;
				CLANG_CXX_LANGUAGE_STANDARD = "gnu++20";
				CLANG_ENABLE_MODULES = YES;
				CLANG_ENABLE_OBJC_ARC = YES;
				CLANG_ENABLE_OBJC_WEAK = YES;
				CLANG_WARN_BLOCK_CAPTURE_AUTORELEASING = YES;
				CLANG_WARN_BOOL_CONVERSION = YES;
				CLANG_WARN_COMMA = YES;
				CLANG_WARN_CONSTANT_CONVERSION = YES;
				CLANG_WARN_DEPRECATED_OBJC_IMPLEMENTATIONS = YES;
				CLANG_WARN_DIRECT_OBJC_ISA_USAGE = YES_ERROR;
				CLANG_WARN_DOCUMENTATION_COMMENTS = YES;
				CLANG_WARN_EMPTY_BODY = YES;
				CLANG_WARN_ENUM_CONVERSION = YES;
				CLANG_WARN_INFINITE_RECURSION = YES;
				CLANG_WARN_INT_CONVERSION = YES;
				CLANG_WARN_NON_LITERAL_NULL_CONVERSION = YES;
				CLANG_WARN_OBJC_IMPLICIT_RETAIN_SELF = YES;
				CLANG_WARN_OBJC_LITERAL_CONVERSION = YES;
				CLANG_WARN_OBJC_ROOT_CLASS = YES_ERROR;
				CLANG_WARN_QUOTED_INCLUDE_IN_FRAMEWORK_HEADER = YES;
				CLANG_WARN_RANGE_LOOP_ANALYSIS = YES;
				CLANG_WARN_STRICT_PROTOTYPES = YES;
				CLANG_WARN_SUSPICIOUS_MOVE = YES;
				CLANG_WARN_UNGUARDED_AVAILABILITY = YES_AGGRESSIVE;
				CLANG_WARN_UNREACHABLE_CODE = YES;
				CLANG_WARN__DUPLICATE_METHOD_MATCH = YES;
				COPY_PHASE_STRIP = NO;
				DEBUG_INFORMATION_FORMAT = "dwarf-with-dsym";
				ENABLE_NS_ASSERTIONS = NO;
				ENABLE_STRICT_OBJC_MSGSEND = YES;
				GCC_C_LANGUAGE_STANDARD = gnu11;
				GCC_NO_COMMON_BLOCKS = YES;
				GCC_WARN_64_TO_32_BIT_CONVERSION = YES;
				GCC_WARN_ABOUT_RETURN_TYPE = YES_ERROR;
				GCC_WARN_UNDECLARED_SELECTOR = YES;
				GCC_WARN_UNINITIALIZED_AUTOS = YES_AGGRESSIVE;
				GCC_WARN_UNUSED_FUNCTION = YES;
				GCC_WARN_UNUSED_VARIABLE = YES;
				IPHONEOS_DEPLOYMENT_TARGET = 16.2;
				MTL_ENABLE_DEBUG_INFO = NO;
				MTL_FAST_MATH = YES;
				SDKROOT = iphoneos;
				SWIFT_COMPILATION_MODE = wholemodule;
				SWIFT_OPTIMIZATION_LEVEL = "-O";
				VALIDATE_PRODUCT = YES;
			};
			name = Release;
		};
		E1AD9AA42B87D74700C68C58 /* Debug */ = {
			isa = XCBuildConfiguration;
			buildSettings = {
				ASSETCATALOG_COMPILER_APPICON_NAME = AppIcon;
				ASSETCATALOG_COMPILER_GLOBAL_ACCENT_COLOR_NAME = AccentColor;
				CODE_SIGN_STYLE = Automatic;
				CURRENT_PROJECT_VERSION = 1;
				DEVELOPMENT_TEAM = QB5D9L8BLU;
				GENERATE_INFOPLIST_FILE = YES;
				INFOPLIST_FILE = CoinGecko/Info.plist;
				INFOPLIST_KEY_UIApplicationSupportsIndirectInputEvents = YES;
				INFOPLIST_KEY_UILaunchStoryboardName = LaunchScreen;
				INFOPLIST_KEY_UIMainStoryboardFile = Main;
				INFOPLIST_KEY_UISupportedInterfaceOrientations_iPad = "UIInterfaceOrientationPortrait UIInterfaceOrientationPortraitUpsideDown UIInterfaceOrientationLandscapeLeft UIInterfaceOrientationLandscapeRight";
				INFOPLIST_KEY_UISupportedInterfaceOrientations_iPhone = "UIInterfaceOrientationPortrait UIInterfaceOrientationLandscapeLeft UIInterfaceOrientationLandscapeRight";
				LD_RUNPATH_SEARCH_PATHS = (
					"$(inherited)",
					"@executable_path/Frameworks",
				);
				MARKETING_VERSION = 1.0;
				PRODUCT_BUNDLE_IDENTIFIER = com.example.CoinGecko;
				PRODUCT_NAME = "$(TARGET_NAME)";
				SWIFT_EMIT_LOC_STRINGS = YES;
				SWIFT_VERSION = 5.0;
				TARGETED_DEVICE_FAMILY = "1,2";
			};
			name = Debug;
		};
		E1AD9AA52B87D74700C68C58 /* Release */ = {
			isa = XCBuildConfiguration;
			buildSettings = {
				ASSETCATALOG_COMPILER_APPICON_NAME = AppIcon;
				ASSETCATALOG_COMPILER_GLOBAL_ACCENT_COLOR_NAME = AccentColor;
				CODE_SIGN_STYLE = Automatic;
				CURRENT_PROJECT_VERSION = 1;
				DEVELOPMENT_TEAM = QB5D9L8BLU;
				GENERATE_INFOPLIST_FILE = YES;
				INFOPLIST_FILE = CoinGecko/Info.plist;
				INFOPLIST_KEY_UIApplicationSupportsIndirectInputEvents = YES;
				INFOPLIST_KEY_UILaunchStoryboardName = LaunchScreen;
				INFOPLIST_KEY_UIMainStoryboardFile = Main;
				INFOPLIST_KEY_UISupportedInterfaceOrientations_iPad = "UIInterfaceOrientationPortrait UIInterfaceOrientationPortraitUpsideDown UIInterfaceOrientationLandscapeLeft UIInterfaceOrientationLandscapeRight";
				INFOPLIST_KEY_UISupportedInterfaceOrientations_iPhone = "UIInterfaceOrientationPortrait UIInterfaceOrientationLandscapeLeft UIInterfaceOrientationLandscapeRight";
				LD_RUNPATH_SEARCH_PATHS = (
					"$(inherited)",
					"@executable_path/Frameworks",
				);
				MARKETING_VERSION = 1.0;
				PRODUCT_BUNDLE_IDENTIFIER = com.example.CoinGecko;
				PRODUCT_NAME = "$(TARGET_NAME)";
				SWIFT_EMIT_LOC_STRINGS = YES;
				SWIFT_VERSION = 5.0;
				TARGETED_DEVICE_FAMILY = "1,2";
			};
			name = Release;
		};
		E1AD9AA72B87D74700C68C58 /* Debug */ = {
			isa = XCBuildConfiguration;
			buildSettings = {
				ALWAYS_EMBED_SWIFT_STANDARD_LIBRARIES = YES;
				BUNDLE_LOADER = "$(TEST_HOST)";
				CODE_SIGN_STYLE = Automatic;
				CURRENT_PROJECT_VERSION = 1;
				DEVELOPMENT_TEAM = QB5D9L8BLU;
				GENERATE_INFOPLIST_FILE = YES;
				IPHONEOS_DEPLOYMENT_TARGET = 16.2;
				MARKETING_VERSION = 1.0;
				PRODUCT_BUNDLE_IDENTIFIER = com.example.CoinGeckoTests;
				PRODUCT_NAME = "$(TARGET_NAME)";
				SWIFT_EMIT_LOC_STRINGS = NO;
				SWIFT_VERSION = 5.0;
				TARGETED_DEVICE_FAMILY = "1,2";
				TEST_HOST = "$(BUILT_PRODUCTS_DIR)/CoinGecko.app/$(BUNDLE_EXECUTABLE_FOLDER_PATH)/CoinGecko";
			};
			name = Debug;
		};
		E1AD9AA82B87D74700C68C58 /* Release */ = {
			isa = XCBuildConfiguration;
			buildSettings = {
				ALWAYS_EMBED_SWIFT_STANDARD_LIBRARIES = YES;
				BUNDLE_LOADER = "$(TEST_HOST)";
				CODE_SIGN_STYLE = Automatic;
				CURRENT_PROJECT_VERSION = 1;
				DEVELOPMENT_TEAM = QB5D9L8BLU;
				GENERATE_INFOPLIST_FILE = YES;
				IPHONEOS_DEPLOYMENT_TARGET = 16.2;
				MARKETING_VERSION = 1.0;
				PRODUCT_BUNDLE_IDENTIFIER = com.example.CoinGeckoTests;
				PRODUCT_NAME = "$(TARGET_NAME)";
				SWIFT_EMIT_LOC_STRINGS = NO;
				SWIFT_VERSION = 5.0;
				TARGETED_DEVICE_FAMILY = "1,2";
				TEST_HOST = "$(BUILT_PRODUCTS_DIR)/CoinGecko.app/$(BUNDLE_EXECUTABLE_FOLDER_PATH)/CoinGecko";
			};
			name = Release;
		};
		E1AD9AAA2B87D74700C68C58 /* Debug */ = {
			isa = XCBuildConfiguration;
			buildSettings = {
				ALWAYS_EMBED_SWIFT_STANDARD_LIBRARIES = YES;
				CODE_SIGN_STYLE = Automatic;
				CURRENT_PROJECT_VERSION = 1;
				DEVELOPMENT_TEAM = QB5D9L8BLU;
				GENERATE_INFOPLIST_FILE = YES;
				MARKETING_VERSION = 1.0;
				PRODUCT_BUNDLE_IDENTIFIER = com.example.CoinGeckoUITests;
				PRODUCT_NAME = "$(TARGET_NAME)";
				SWIFT_EMIT_LOC_STRINGS = NO;
				SWIFT_VERSION = 5.0;
				TARGETED_DEVICE_FAMILY = "1,2";
				TEST_TARGET_NAME = CoinGecko;
			};
			name = Debug;
		};
		E1AD9AAB2B87D74700C68C58 /* Release */ = {
			isa = XCBuildConfiguration;
			buildSettings = {
				ALWAYS_EMBED_SWIFT_STANDARD_LIBRARIES = YES;
				CODE_SIGN_STYLE = Automatic;
				CURRENT_PROJECT_VERSION = 1;
				DEVELOPMENT_TEAM = QB5D9L8BLU;
				GENERATE_INFOPLIST_FILE = YES;
				MARKETING_VERSION = 1.0;
				PRODUCT_BUNDLE_IDENTIFIER = com.example.CoinGeckoUITests;
				PRODUCT_NAME = "$(TARGET_NAME)";
				SWIFT_EMIT_LOC_STRINGS = NO;
				SWIFT_VERSION = 5.0;
				TARGETED_DEVICE_FAMILY = "1,2";
				TEST_TARGET_NAME = CoinGecko;
			};
			name = Release;
		};
/* End XCBuildConfiguration section */

/* Begin XCConfigurationList section */
		E1AD9A742B87D74200C68C58 /* Build configuration list for PBXProject "CoinGecko" */ = {
			isa = XCConfigurationList;
			buildConfigurations = (
				E1AD9AA12B87D74700C68C58 /* Debug */,
				E1AD9AA22B87D74700C68C58 /* Release */,
			);
			defaultConfigurationIsVisible = 0;
			defaultConfigurationName = Release;
		};
		E1AD9AA32B87D74700C68C58 /* Build configuration list for PBXNativeTarget "CoinGecko" */ = {
			isa = XCConfigurationList;
			buildConfigurations = (
				E1AD9AA42B87D74700C68C58 /* Debug */,
				E1AD9AA52B87D74700C68C58 /* Release */,
			);
			defaultConfigurationIsVisible = 0;
			defaultConfigurationName = Release;
		};
		E1AD9AA62B87D74700C68C58 /* Build configuration list for PBXNativeTarget "CoinGeckoTests" */ = {
			isa = XCConfigurationList;
			buildConfigurations = (
				E1AD9AA72B87D74700C68C58 /* Debug */,
				E1AD9AA82B87D74700C68C58 /* Release */,
			);
			defaultConfigurationIsVisible = 0;
			defaultConfigurationName = Release;
		};
		E1AD9AA92B87D74700C68C58 /* Build configuration list for PBXNativeTarget "CoinGeckoUITests" */ = {
			isa = XCConfigurationList;
			buildConfigurations = (
				E1AD9AAA2B87D74700C68C58 /* Debug */,
				E1AD9AAB2B87D74700C68C58 /* Release */,
			);
			defaultConfigurationIsVisible = 0;
			defaultConfigurationName = Release;
		};
/* End XCConfigurationList section */
	};
	rootObject = E1AD9A712B87D74200C68C58 /* Project object */;
}
